
Microsoft Visual Studio Solution File, Format Version 12.00
# Visual Studio Version 17
VisualStudioVersion = 17.14.36429.23 d17.14
MinimumVisualStudioVersion = 10.0.40219.1
Project("{FAE04EC0-301F-11D3-BF4B-00C04F79EFBC}") = "EstructurasDinamicasWinForms", "EstructurasDinamicasWinForms\EstructurasDinamicasWinForms.csproj", "{94EDFD4E-E888-426A-B405-9418653CE291}"
EndProject
Global
	GlobalSection(SolutionConfigurationPlatforms) = preSolution
		Debug|Any CPU = Debug|Any CPU
		Release|Any CPU = Release|Any CPU
	EndGlobalSection
	GlobalSection(ProjectConfigurationPlatforms) = postSolution
		{94EDFD4E-E888-426A-B405-9418653CE291}.Debug|Any CPU.ActiveCfg = Debug|Any CPU
		{94EDFD4E-E888-426A-B405-9418653CE291}.Debug|Any CPU.Build.0 = Debug|Any CPU
		{94EDFD4E-E888-426A-B405-9418653CE291}.Release|Any CPU.ActiveCfg = Release|Any CPU
		{94EDFD4E-E888-426A-B405-9418653CE291}.Release|Any CPU.Build.0 = Release|Any CPU
	EndGlobalSection
	GlobalSection(SolutionProperties) = preSolution
		HideSolutionNode = FALSE
	EndGlobalSection
	GlobalSection(ExtensibilityGlobals) = postSolution
		SolutionGuid = {78642875-BF9C-4CAA-A931-D0935BD05BB8}
	EndGlobalSection
EndGlobal
